
Microsoft Visual Studio Solution File, Format Version 12.00
# Visual Studio Version 17
VisualStudioVersion = 17.14.36623.8 d17.14
MinimumVisualStudioVersion = 10.0.40219.1
Project("{FAE04EC0-301F-11D3-BF4B-00C04F79EFBC}") = "MauiApp1", "MauiApp1.csproj", "{EF784E8C-BB16-4173-80A0-8572E6E959E0}"
EndProject
Global
	GlobalSection(SolutionConfigurationPlatforms) = preSolution
		Debug|Any CPU = Debug|Any CPU
		Release|Any CPU = Release|Any CPU
	EndGlobalSection
	GlobalSection(ProjectConfigurationPlatforms) = postSolution
		{EF784E8C-BB16-4173-80A0-8572E6E959E0}.Debug|Any CPU.ActiveCfg = Debug|Any CPU
		{EF784E8C-BB16-4173-80A0-8572E6E959E0}.Debug|Any CPU.Build.0 = Debug|Any CPU
		{EF784E8C-BB16-4173-80A0-8572E6E959E0}.Release|Any CPU.ActiveCfg = Release|Any CPU
		{EF784E8C-BB16-4173-80A0-8572E6E959E0}.Release|Any CPU.Build.0 = Release|Any CPU
	EndGlobalSection
	GlobalSection(SolutionProperties) = preSolution
		HideSolutionNode = FALSE
	EndGlobalSection
	GlobalSection(ExtensibilityGlobals) = postSolution
		SolutionGuid = {1FAE4FD7-49CA-4B3E-8B4A-D58F127C4016}
	EndGlobalSection
EndGlobal
